// !$*UTF8*$!
{
	archiveVersion = 1;
	classes = {
	};
	objectVersion = 46;
	objects = {

/* Begin PBXBuildFile section */
		31E5FA181E0CB136006DD985 /* Main.storyboard in Resources */ = {isa = PBXBuildFile; fileRef = 31E5FA161E0CB136006DD985 /* Main.storyboard */; };
		31E5FA1A1E0CB136006DD985 /* Assets.xcassets in Resources */ = {isa = PBXBuildFile; fileRef = 31E5FA191E0CB136006DD985 /* Assets.xcassets */; };
		31E5FA1D1E0CB136006DD985 /* LaunchScreen.storyboard in Resources */ = {isa = PBXBuildFile; fileRef = 31E5FA1B1E0CB136006DD985 /* LaunchScreen.storyboard */; };
		31E5FA281E0CB136006DD985 /* LSInteractiveAnimationTests.swift in Sources */ = {isa = PBXBuildFile; fileRef = 31E5FA271E0CB136006DD985 /* LSInteractiveAnimationTests.swift */; };
		31E5FA331E0CB136006DD985 /* LSInteractiveAnimationUITests.swift in Sources */ = {isa = PBXBuildFile; fileRef = 31E5FA321E0CB136006DD985 /* LSInteractiveAnimationUITests.swift */; };
		31E5FA4B1E0CB19A006DD985 /* AppDelegate.swift in Sources */ = {isa = PBXBuildFile; fileRef = 31E5FA411E0CB19A006DD985 /* AppDelegate.swift */; };
		31E5FA4C1E0CB19A006DD985 /* LSDismissAnimation.swift in Sources */ = {isa = PBXBuildFile; fileRef = 31E5FA431E0CB19A006DD985 /* LSDismissAnimation.swift */; };
		31E5FA4D1E0CB19A006DD985 /* LSNavigationController.swift in Sources */ = {isa = PBXBuildFile; fileRef = 31E5FA441E0CB19A006DD985 /* LSNavigationController.swift */; };
		31E5FA4E1E0CB19A006DD985 /* LSPopAnimation.swift in Sources */ = {isa = PBXBuildFile; fileRef = 31E5FA451E0CB19A006DD985 /* LSPopAnimation.swift */; };
		31E5FA4F1E0CB19A006DD985 /* LSPresentAnimation.swift in Sources */ = {isa = PBXBuildFile; fileRef = 31E5FA461E0CB19A006DD985 /* LSPresentAnimation.swift */; };
		31E5FA501E0CB19A006DD985 /* LSPushAnimation.swift in Sources */ = {isa = PBXBuildFile; fileRef = 31E5FA471E0CB19A006DD985 /* LSPushAnimation.swift */; };
		31E5FA511E0CB19A006DD985 /* LSViewController.swift in Sources */ = {isa = PBXBuildFile; fileRef = 31E5FA481E0CB19A006DD985 /* LSViewController.swift */; };
		31E5FA521E0CB19A006DD985 /* secondViewController.swift in Sources */ = {isa = PBXBuildFile; fileRef = 31E5FA491E0CB19A006DD985 /* secondViewController.swift */; };
		31E5FA531E0CB19A006DD985 /* ViewController.swift in Sources */ = {isa = PBXBuildFile; fileRef = 31E5FA4A1E0CB19A006DD985 /* ViewController.swift */; };
/* End PBXBuildFile section */

/* Begin PBXContainerItemProxy section */
		31E5FA241E0CB136006DD985 /* PBXContainerItemProxy */ = {
			isa = PBXContainerItemProxy;
			containerPortal = 31E5FA071E0CB136006DD985 /* Project object */;
			proxyType = 1;
			remoteGlobalIDString = 31E5FA0E1E0CB136006DD985;
			remoteInfo = LSInteractiveAnimation;
		};
		31E5FA2F1E0CB136006DD985 /* PBXContainerItemProxy */ = {
			isa = PBXContainerItemProxy;
			containerPortal = 31E5FA071E0CB136006DD985 /* Project object */;
			proxyType = 1;
			remoteGlobalIDString = 31E5FA0E1E0CB136006DD985;
			remoteInfo = LSInteractiveAnimation;
		};
/* End PBXContainerItemProxy section */

/* Begin PBXFileReference section */
		31E5FA0F1E0CB136006DD985 /* LSInteractiveAnimation.app */ = {isa = PBXFileReference; explicitFileType = wrapper.application; includeInIndex = 0; path = LSInteractiveAnimation.app; sourceTree = BUILT_PRODUCTS_DIR; };
		31E5FA171E0CB136006DD985 /* Base */ = {isa = PBXFileReference; lastKnownFileType = file.storyboard; name = Base; path = Base.lproj/Main.storyboard; sourceTree = "<group>"; };
		31E5FA191E0CB136006DD985 /* Assets.xcassets */ = {isa = PBXFileReference; lastKnownFileType = folder.assetcatalog; path = Assets.xcassets; sourceTree = "<group>"; };
		31E5FA1C1E0CB136006DD985 /* Base */ = {isa = PBXFileReference; lastKnownFileType = file.storyboard; name = Base; path = Base.lproj/LaunchScreen.storyboard; sourceTree = "<group>"; };
		31E5FA1E1E0CB136006DD985 /* Info.plist */ = {isa = PBXFileReference; lastKnownFileType = text.plist.xml; path = Info.plist; sourceTree = "<group>"; };
		31E5FA231E0CB136006DD985 /* LSInteractiveAnimationTests.xctest */ = {isa = PBXFileReference; explicitFileType = wrapper.cfbundle; includeInIndex = 0; path = LSInteractiveAnimationTests.xctest; sourceTree = BUILT_PRODUCTS_DIR; };
		31E5FA271E0CB136006DD985 /* LSInteractiveAnimationTests.swift */ = {isa = PBXFileReference; lastKnownFileType = sourcecode.swift; path = LSInteractiveAnimationTests.swift; sourceTree = "<group>"; };
		31E5FA291E0CB136006DD985 /* Info.plist */ = {isa = PBXFileReference; lastKnownFileType = text.plist.xml; path = Info.plist; sourceTree = "<group>"; };
		31E5FA2E1E0CB136006DD985 /* LSInteractiveAnimationUITests.xctest */ = {isa = PBXFileReference; explicitFileType = wrapper.cfbundle; includeInIndex = 0; path = LSInteractiveAnimationUITests.xctest; sourceTree = BUILT_PRODUCTS_DIR; };
		31E5FA321E0CB136006DD985 /* LSInteractiveAnimationUITests.swift */ = {isa = PBXFileReference; lastKnownFileType = sourcecode.swift; path = LSInteractiveAnimationUITests.swift; sourceTree = "<group>"; };
		31E5FA341E0CB136006DD985 /* Info.plist */ = {isa = PBXFileReference; lastKnownFileType = text.plist.xml; path = Info.plist; sourceTree = "<group>"; };
		31E5FA401E0CB199006DD985 /* LSInteractiveAnimation-Bridging-Header.h */ = {isa = PBXFileReference; lastKnownFileType = sourcecode.c.h; path = "LSInteractiveAnimation-Bridging-Header.h"; sourceTree = "<group>"; };
		31E5FA411E0CB19A006DD985 /* AppDelegate.swift */ = {isa = PBXFileReference; fileEncoding = 4; lastKnownFileType = sourcecode.swift; path = AppDelegate.swift; sourceTree = "<group>"; };
		31E5FA431E0CB19A006DD985 /* LSDismissAnimation.swift */ = {isa = PBXFileReference; fileEncoding = 4; lastKnownFileType = sourcecode.swift; path = LSDismissAnimation.swift; sourceTree = "<group>"; };
		31E5FA441E0CB19A006DD985 /* LSNavigationController.swift */ = {isa = PBXFileReference; fileEncoding = 4; lastKnownFileType = sourcecode.swift; path = LSNavigationController.swift; sourceTree = "<group>"; };
		31E5FA451E0CB19A006DD985 /* LSPopAnimation.swift */ = {isa = PBXFileReference; fileEncoding = 4; lastKnownFileType = sourcecode.swift; path = LSPopAnimation.swift; sourceTree = "<group>"; };
		31E5FA461E0CB19A006DD985 /* LSPresentAnimation.swift */ = {isa = PBXFileReference; fileEncoding = 4; lastKnownFileType = sourcecode.swift; path = LSPresentAnimation.swift; sourceTree = "<group>"; };
		31E5FA471E0CB19A006DD985 /* LSPushAnimation.swift */ = {isa = PBXFileReference; fileEncoding = 4; lastKnownFileType = sourcecode.swift; path = LSPushAnimation.swift; sourceTree = "<group>"; };
		31E5FA481E0CB19A006DD985 /* LSViewController.swift */ = {isa = PBXFileReference; fileEncoding = 4; lastKnownFileType = sourcecode.swift; path = LSViewController.swift; sourceTree = "<group>"; };
		31E5FA491E0CB19A006DD985 /* secondViewController.swift */ = {isa = PBXFileReference; fileEncoding = 4; lastKnownFileType = sourcecode.swift; path = secondViewController.swift; sourceTree = "<group>"; };
		31E5FA4A1E0CB19A006DD985 /* ViewController.swift */ = {isa = PBXFileReference; fileEncoding = 4; lastKnownFileType = sourcecode.swift; path = ViewController.swift; sourceTree = "<group>"; };
/* End PBXFileReference section */

/* Begin PBXFrameworksBuildPhase section */
		31E5FA0C1E0CB136006DD985 /* Frameworks */ = {
			isa = PBXFrameworksBuildPhase;
			buildActionMask = 2147483647;
			files = (
			);
			runOnlyForDeploymentPostprocessing = 0;
		};
		31E5FA201E0CB136006DD985 /* Frameworks */ = {
			isa = PBXFrameworksBuildPhase;
			buildActionMask = 2147483647;
			files = (
			);
			runOnlyForDeploymentPostprocessing = 0;
		};
		31E5FA2B1E0CB136006DD985 /* Frameworks */ = {
			isa = PBXFrameworksBuildPhase;
			buildActionMask = 2147483647;
			files = (
			);
			runOnlyForDeploymentPostprocessing = 0;
		};
/* End PBXFrameworksBuildPhase section */

/* Begin PBXGroup section */
		31E5FA061E0CB136006DD985 = {
			isa = PBXGroup;
			children = (
				31E5FA111E0CB136006DD985 /* LSInteractiveAnimation */,
				31E5FA261E0CB136006DD985 /* LSInteractiveAnimationTests */,
				31E5FA311E0CB136006DD985 /* LSInteractiveAnimationUITests */,
				31E5FA101E0CB136006DD985 /* Products */,
			);
			sourceTree = "<group>";
		};
		31E5FA101E0CB136006DD985 /* Products */ = {
			isa = PBXGroup;
			children = (
				31E5FA0F1E0CB136006DD985 /* LSInteractiveAnimation.app */,
				31E5FA231E0CB136006DD985 /* LSInteractiveAnimationTests.xctest */,
				31E5FA2E1E0CB136006DD985 /* LSInteractiveAnimationUITests.xctest */,
			);
			name = Products;
			sourceTree = "<group>";
		};
		31E5FA111E0CB136006DD985 /* LSInteractiveAnimation */ = {
			isa = PBXGroup;
			children = (
				31E5FA411E0CB19A006DD985 /* AppDelegate.swift */,
				31E5FA421E0CB19A006DD985 /* LSInteractiveAnimation */,
				31E5FA491E0CB19A006DD985 /* secondViewController.swift */,
				31E5FA4A1E0CB19A006DD985 /* ViewController.swift */,
				31E5FA161E0CB136006DD985 /* Main.storyboard */,
				31E5FA191E0CB136006DD985 /* Assets.xcassets */,
				31E5FA1B1E0CB136006DD985 /* LaunchScreen.storyboard */,
				31E5FA1E1E0CB136006DD985 /* Info.plist */,
				31E5FA401E0CB199006DD985 /* LSInteractiveAnimation-Bridging-Header.h */,
			);
			path = LSInteractiveAnimation;
			sourceTree = "<group>";
		};
		31E5FA261E0CB136006DD985 /* LSInteractiveAnimationTests */ = {
			isa = PBXGroup;
			children = (
				31E5FA271E0CB136006DD985 /* LSInteractiveAnimationTests.swift */,
				31E5FA291E0CB136006DD985 /* Info.plist */,
			);
			path = LSInteractiveAnimationTests;
			sourceTree = "<group>";
		};
		31E5FA311E0CB136006DD985 /* LSInteractiveAnimationUITests */ = {
			isa = PBXGroup;
			children = (
				31E5FA321E0CB136006DD985 /* LSInteractiveAnimationUITests.swift */,
				31E5FA341E0CB136006DD985 /* Info.plist */,
			);
			path = LSInteractiveAnimationUITests;
			sourceTree = "<group>";
		};
		31E5FA421E0CB19A006DD985 /* LSInteractiveAnimation */ = {
			isa = PBXGroup;
			children = (
				31E5FA431E0CB19A006DD985 /* LSDismissAnimation.swift */,
				31E5FA441E0CB19A006DD985 /* LSNavigationController.swift */,
				31E5FA451E0CB19A006DD985 /* LSPopAnimation.swift */,
				31E5FA461E0CB19A006DD985 /* LSPresentAnimation.swift */,
				31E5FA471E0CB19A006DD985 /* LSPushAnimation.swift */,
				31E5FA481E0CB19A006DD985 /* LSViewController.swift */,
			);
			path = LSInteractiveAnimation;
			sourceTree = "<group>";
		};
/* End PBXGroup section */

/* Begin PBXNativeTarget section */
		31E5FA0E1E0CB136006DD985 /* LSInteractiveAnimation */ = {
			isa = PBXNativeTarget;
			buildConfigurationList = 31E5FA371E0CB136006DD985 /* Build configuration list for PBXNativeTarget "LSInteractiveAnimation" */;
			buildPhases = (
				31E5FA0B1E0CB136006DD985 /* Sources */,
				31E5FA0C1E0CB136006DD985 /* Frameworks */,
				31E5FA0D1E0CB136006DD985 /* Resources */,
			);
			buildRules = (
			);
			dependencies = (
			);
			name = LSInteractiveAnimation;
			productName = LSInteractiveAnimation;
			productReference = 31E5FA0F1E0CB136006DD985 /* LSInteractiveAnimation.app */;
			productType = "com.apple.product-type.application";
		};
		31E5FA221E0CB136006DD985 /* LSInteractiveAnimationTests */ = {
			isa = PBXNativeTarget;
			buildConfigurationList = 31E5FA3A1E0CB136006DD985 /* Build configuration list for PBXNativeTarget "LSInteractiveAnimationTests" */;
			buildPhases = (
				31E5FA1F1E0CB136006DD985 /* Sources */,
				31E5FA201E0CB136006DD985 /* Frameworks */,
				31E5FA211E0CB136006DD985 /* Resources */,
			);
			buildRules = (
			);
			dependencies = (
				31E5FA251E0CB136006DD985 /* PBXTargetDependency */,
			);
			name = LSInteractiveAnimationTests;
			productName = LSInteractiveAnimationTests;
			productReference = 31E5FA231E0CB136006DD985 /* LSInteractiveAnimationTests.xctest */;
			productType = "com.apple.product-type.bundle.unit-test";
		};
		31E5FA2D1E0CB136006DD985 /* LSInteractiveAnimationUITests */ = {
			isa = PBXNativeTarget;
			buildConfigurationList = 31E5FA3D1E0CB136006DD985 /* Build configuration list for PBXNativeTarget "LSInteractiveAnimationUITests" */;
			buildPhases = (
				31E5FA2A1E0CB136006DD985 /* Sources */,
				31E5FA2B1E0CB136006DD985 /* Frameworks */,
				31E5FA2C1E0CB136006DD985 /* Resources */,
			);
			buildRules = (
			);
			dependencies = (
				31E5FA301E0CB136006DD985 /* PBXTargetDependency */,
			);
			name = LSInteractiveAnimationUITests;
			productName = LSInteractiveAnimationUITests;
			productReference = 31E5FA2E1E0CB136006DD985 /* LSInteractiveAnimationUITests.xctest */;
			productType = "com.apple.product-type.bundle.ui-testing";
		};
/* End PBXNativeTarget section */

/* Begin PBXProject section */
		31E5FA071E0CB136006DD985 /* Project object */ = {
			isa = PBXProject;
			attributes = {
				LastSwiftUpdateCheck = 0820;
				LastUpgradeCheck = 0820;
				ORGANIZATIONNAME = John_LS;
				TargetAttributes = {
					31E5FA0E1E0CB136006DD985 = {
						CreatedOnToolsVersion = 8.2;
						LastSwiftMigration = 0820;
						ProvisioningStyle = Automatic;
					};
					31E5FA221E0CB136006DD985 = {
						CreatedOnToolsVersion = 8.2;
						ProvisioningStyle = Automatic;
						TestTargetID = 31E5FA0E1E0CB136006DD985;
					};
					31E5FA2D1E0CB136006DD985 = {
						CreatedOnToolsVersion = 8.2;
						ProvisioningStyle = Automatic;
						TestTargetID = 31E5FA0E1E0CB136006DD985;
					};
				};
			};
			buildConfigurationList = 31E5FA0A1E0CB136006DD985 /* Build configuration list for PBXProject "LSInteractiveAnimation" */;
			compatibilityVersion = "Xcode 3.2";
			developmentRegion = English;
			hasScannedForEncodings = 0;
			knownRegions = (
				en,
				Base,
			);
			mainGroup = 31E5FA061E0CB136006DD985;
			productRefGroup = 31E5FA101E0CB136006DD985 /* Products */;
			projectDirPath = "";
			projectRoot = "";
			targets = (
				31E5FA0E1E0CB136006DD985 /* LSInteractiveAnimation */,
				31E5FA221E0CB136006DD985 /* LSInteractiveAnimationTests */,
				31E5FA2D1E0CB136006DD985 /* LSInteractiveAnimationUITests */,
			);
		};
/* End PBXProject section */

/* Begin PBXResourcesBuildPhase section */
		31E5FA0D1E0CB136006DD985 /* Resources */ = {
			isa = PBXResourcesBuildPhase;
			buildActionMask = 2147483647;
			files = (
				31E5FA1D1E0CB136006DD985 /* LaunchScreen.storyboard in Resources */,
				31E5FA1A1E0CB136006DD985 /* Assets.xcassets in Resources */,
				31E5FA181E0CB136006DD985 /* Main.storyboard in Resources */,
			);
			runOnlyForDeploymentPostprocessing = 0;
		};
		31E5FA211E0CB136006DD985 /* Resources */ = {
			isa = PBXResourcesBuildPhase;
			buildActionMask = 2147483647;
			files = (
			);
			runOnlyForDeploymentPostprocessing = 0;
		};
		31E5FA2C1E0CB136006DD985 /* Resources */ = {
			isa = PBXResourcesBuildPhase;
			buildActionMask = 2147483647;
			files = (
			);
			runOnlyForDeploymentPostprocessing = 0;
		};
/* End PBXResourcesBuildPhase section */

/* Begin PBXSourcesBuildPhase section */
		31E5FA0B1E0CB136006DD985 /* Sources */ = {
			isa = PBXSourcesBuildPhase;
			buildActionMask = 2147483647;
			files = (
				31E5FA521E0CB19A006DD985 /* secondViewController.swift in Sources */,
				31E5FA4C1E0CB19A006DD985 /* LSDismissAnimation.swift in Sources */,
				31E5FA4F1E0CB19A006DD985 /* LSPresentAnimation.swift in Sources */,
				31E5FA531E0CB19A006DD985 /* ViewController.swift in Sources */,
				31E5FA4E1E0CB19A006DD985 /* LSPopAnimation.swift in Sources */,
				31E5FA511E0CB19A006DD985 /* LSViewController.swift in Sources */,
				31E5FA4B1E0CB19A006DD985 /* AppDelegate.swift in Sources */,
				31E5FA4D1E0CB19A006DD985 /* LSNavigationController.swift in Sources */,
				31E5FA501E0CB19A006DD985 /* LSPushAnimation.swift in Sources */,
			);
			runOnlyForDeploymentPostprocessing = 0;
		};
		31E5FA1F1E0CB136006DD985 /* Sources */ = {
			isa = PBXSourcesBuildPhase;
			buildActionMask = 2147483647;
			files = (
				31E5FA281E0CB136006DD985 /* LSInteractiveAnimationTests.swift in Sources */,
			);
			runOnlyForDeploymentPostprocessing = 0;
		};
		31E5FA2A1E0CB136006DD985 /* Sources */ = {
			isa = PBXSourcesBuildPhase;
			buildActionMask = 2147483647;
			files = (
				31E5FA331E0CB136006DD985 /* LSInteractiveAnimationUITests.swift in Sources */,
			);
			runOnlyForDeploymentPostprocessing = 0;
		};
/* End PBXSourcesBuildPhase section */

/* Begin PBXTargetDependency section */
		31E5FA251E0CB136006DD985 /* PBXTargetDependency */ = {
			isa = PBXTargetDependency;
			target = 31E5FA0E1E0CB136006DD985 /* LSInteractiveAnimation */;
			targetProxy = 31E5FA241E0CB136006DD985 /* PBXContainerItemProxy */;
		};
		31E5FA301E0CB136006DD985 /* PBXTargetDependency */ = {
			isa = PBXTargetDependency;
			target = 31E5FA0E1E0CB136006DD985 /* LSInteractiveAnimation */;
			targetProxy = 31E5FA2F1E0CB136006DD985 /* PBXContainerItemProxy */;
		};
/* End PBXTargetDependency section */

/* Begin PBXVariantGroup section */
		31E5FA161E0CB136006DD985 /* Main.storyboard */ = {
			isa = PBXVariantGroup;
			children = (
				31E5FA171E0CB136006DD985 /* Base */,
			);
			name = Main.storyboard;
			sourceTree = "<group>";
		};
		31E5FA1B1E0CB136006DD985 /* LaunchScreen.storyboard */ = {
			isa = PBXVariantGroup;
			children = (
				31E5FA1C1E0CB136006DD985 /* Base */,
			);
			name = LaunchScreen.storyboard;
			sourceTree = "<group>";
		};
/* End PBXVariantGroup section */

/* Begin XCBuildConfiguration section */
		31E5FA351E0CB136006DD985 /* Debug */ = {
			isa = XCBuildConfiguration;
			buildSettings = {
				ALWAYS_SEARCH_USER_PATHS = NO;
				CLANG_ANALYZER_NONNULL = YES;
				CLANG_CXX_LANGUAGE_STANDARD = "gnu++0x";
				CLANG_CXX_LIBRARY = "libc++";
				CLANG_ENABLE_MODULES = YES;
				CLANG_ENABLE_OBJC_ARC = YES;
				CLANG_WARN_BOOL_CONVERSION = YES;
				CLANG_WARN_CONSTANT_CONVERSION = YES;
				CLANG_WARN_DIRECT_OBJC_ISA_USAGE = YES_ERROR;
				CLANG_WARN_DOCUMENTATION_COMMENTS = YES;
				CLANG_WARN_EMPTY_BODY = YES;
				CLANG_WARN_ENUM_CONVERSION = YES;
				CLANG_WARN_INFINITE_RECURSION = YES;
				CLANG_WARN_INT_CONVERSION = YES;
				CLANG_WARN_OBJC_ROOT_CLASS = YES_ERROR;
				CLANG_WARN_SUSPICIOUS_MOVE = YES;
				CLANG_WARN_UNREACHABLE_CODE = YES;
				CLANG_WARN__DUPLICATE_METHOD_MATCH = YES;
				"CODE_SIGN_IDENTITY[sdk=iphoneos*]" = "iPhone Developer";
				COPY_PHASE_STRIP = NO;
				DEBUG_INFORMATION_FORMAT = dwarf;
				ENABLE_STRICT_OBJC_MSGSEND = YES;
				ENABLE_TESTABILITY = YES;
				GCC_C_LANGUAGE_STANDARD = gnu99;
				GCC_DYNAMIC_NO_PIC = NO;
				GCC_NO_COMMON_BLOCKS = YES;
				GCC_OPTIMIZATION_LEVEL = 0;
				GCC_PREPROCESSOR_DEFINITIONS = (
					"DEBUG=1",
					"$(inherited)",
				);
				GCC_WARN_64_TO_32_BIT_CONVERSION = YES;
				GCC_WARN_ABOUT_RETURN_TYPE = YES_ERROR;
				GCC_WARN_UNDECLARED_SELECTOR = YES;
				GCC_WARN_UNINITIALIZED_AUTOS = YES_AGGRESSIVE;
				GCC_WARN_UNUSED_FUNCTION = YES;
				GCC_WARN_UNUSED_VARIABLE = YES;
				IPHONEOS_DEPLOYMENT_TARGET = 10.2;
				MTL_ENABLE_DEBUG_INFO = YES;
				ONLY_ACTIVE_ARCH = YES;
				SDKROOT = iphoneos;
				SWIFT_ACTIVE_COMPILATION_CONDITIONS = DEBUG;
				SWIFT_OPTIMIZATION_LEVEL = "-Onone";
			};
			name = Debug;
		};
		31E5FA361E0CB136006DD985 /* Release */ = {
			isa = XCBuildConfiguration;
			buildSettings = {
				ALWAYS_SEARCH_USER_PATHS = NO;
				CLANG_ANALYZER_NONNULL = YES;
				CLANG_CXX_LANGUAGE_STANDARD = "gnu++0x";
				CLANG_CXX_LIBRARY = "libc++";
				CLANG_ENABLE_MODULES = YES;
				CLANG_ENABLE_OBJC_ARC = YES;
				CLANG_WARN_BOOL_CONVERSION = YES;
				CLANG_WARN_CONSTANT_CONVERSION = YES;
				CLANG_WARN_DIRECT_OBJC_ISA_USAGE = YES_ERROR;
				CLANG_WARN_DOCUMENTATION_COMMENTS = YES;
				CLANG_WARN_EMPTY_BODY = YES;
				CLANG_WARN_ENUM_CONVERSION = YES;
				CLANG_WARN_INFINITE_RECURSION = YES;
				CLANG_WARN_INT_CONVERSION = YES;
				CLANG_WARN_OBJC_ROOT_CLASS = YES_ERROR;
				CLANG_WARN_SUSPICIOUS_MOVE = YES;
				CLANG_WARN_UNREACHABLE_CODE = YES;
				CLANG_WARN__DUPLICATE_METHOD_MATCH = YES;
				"CODE_SIGN_IDENTITY[sdk=iphoneos*]" = "iPhone Developer";
				COPY_PHASE_STRIP = NO;
				DEBUG_INFORMATION_FORMAT = "dwarf-with-dsym";
				ENABLE_NS_ASSERTIONS = NO;
				ENABLE_STRICT_OBJC_MSGSEND = YES;
				GCC_C_LANGUAGE_STANDARD = gnu99;
				GCC_NO_COMMON_BLOCKS = YES;
				GCC_WARN_64_TO_32_BIT_CONVERSION = YES;
				GCC_WARN_ABOUT_RETURN_TYPE = YES_ERROR;
				GCC_WARN_UNDECLARED_SELECTOR = YES;
				GCC_WARN_UNINITIALIZED_AUTOS = YES_AGGRESSIVE;
				GCC_WARN_UNUSED_FUNCTION = YES;
				GCC_WARN_UNUSED_VARIABLE = YES;
				IPHONEOS_DEPLOYMENT_TARGET = 10.2;
				MTL_ENABLE_DEBUG_INFO = NO;
				SDKROOT = iphoneos;
				SWIFT_OPTIMIZATION_LEVEL = "-Owholemodule";
				VALIDATE_PRODUCT = YES;
			};
			name = Release;
		};
		31E5FA381E0CB136006DD985 /* Debug */ = {
			isa = XCBuildConfiguration;
			buildSettings = {
				ASSETCATALOG_COMPILER_APPICON_NAME = AppIcon;
				CLANG_ENABLE_MODULES = YES;
				INFOPLIST_FILE = LSInteractiveAnimation/Info.plist;
				IPHONEOS_DEPLOYMENT_TARGET = 9.0;
				LD_RUNPATH_SEARCH_PATHS = "$(inherited) @executable_path/Frameworks";
				PRODUCT_BUNDLE_IDENTIFIER = LS.LSInteractiveAnimation;
				PRODUCT_NAME = "$(TARGET_NAME)";
				SWIFT_OBJC_BRIDGING_HEADER = "LSInteractiveAnimation/LSInteractiveAnimation-Bridging-Header.h";
				SWIFT_OPTIMIZATION_LEVEL = "-Onone";
				SWIFT_VERSION = 3.0;
			};
			name = Debug;
		};
		31E5FA391E0CB136006DD985 /* Release */ = {
			isa = XCBuildConfiguration;
			buildSettings = {
				ASSETCATALOG_COMPILER_APPICON_NAME = AppIcon;
				CLANG_ENABLE_MODULES = YES;
				INFOPLIST_FILE = LSInteractiveAnimation/Info.plist;
				IPHONEOS_DEPLOYMENT_TARGET = 9.0;
				LD_RUNPATH_SEARCH_PATHS = "$(inherited) @executable_path/Frameworks";
				PRODUCT_BUNDLE_IDENTIFIER = LS.LSInteractiveAnimation;
				PRODUCT_NAME = "$(TARGET_NAME)";
				SWIFT_OBJC_BRIDGING_HEADER = "LSInteractiveAnimation/LSInteractiveAnimation-Bridging-Header.h";
				SWIFT_VERSION = 3.0;
			};
			name = Release;
		};
		31E5FA3B1E0CB136006DD985 /* Debug */ = {
			isa = XCBuildConfiguration;
			buildSettings = {
				ALWAYS_EMBED_SWIFT_STANDARD_LIBRARIES = YES;
				BUNDLE_LOADER = "$(TEST_HOST)";
				INFOPLIST_FILE = LSInteractiveAnimationTests/Info.plist;
				LD_RUNPATH_SEARCH_PATHS = "$(inherited) @executable_path/Frameworks @loader_path/Frameworks";
				PRODUCT_BUNDLE_IDENTIFIER = LS.LSInteractiveAnimationTests;
				PRODUCT_NAME = "$(TARGET_NAME)";
				SWIFT_VERSION = 3.0;
				TEST_HOST = "$(BUILT_PRODUCTS_DIR)/LSInteractiveAnimation.app/LSInteractiveAnimation";
			};
			name = Debug;
		};
		31E5FA3C1E0CB136006DD985 /* Release */ = {
			isa = XCBuildConfiguration;
			buildSettings = {
				ALWAYS_EMBED_SWIFT_STANDARD_LIBRARIES = YES;
				BUNDLE_LOADER = "$(TEST_HOST)";
				INFOPLIST_FILE = LSInteractiveAnimationTests/Info.plist;
				LD_RUNPATH_SEARCH_PATHS = "$(inherited) @executable_path/Frameworks @loader_path/Frameworks";
				PRODUCT_BUNDLE_IDENTIFIER = LS.LSInteractiveAnimationTests;
				PRODUCT_NAME = "$(TARGET_NAME)";
				SWIFT_VERSION = 3.0;
				TEST_HOST = "$(BUILT_PRODUCTS_DIR)/LSInteractiveAnimation.app/LSInteractiveAnimation";
			};
			name = Release;
		};
		31E5FA3E1E0CB136006DD985 /* Debug */ = {
			isa = XCBuildConfiguration;
			buildSettings = {
				ALWAYS_EMBED_SWIFT_STANDARD_LIBRARIES = YES;
				INFOPLIST_FILE = LSInteractiveAnimationUITests/Info.plist;
				LD_RUNPATH_SEARCH_PATHS = "$(inherited) @executable_path/Frameworks @loader_path/Frameworks";
				PRODUCT_BUNDLE_IDENTIFIER = LS.LSInteractiveAnimationUITests;
				PRODUCT_NAME = "$(TARGET_NAME)";
				SWIFT_VERSION = 3.0;
				TEST_TARGET_NAME = LSInteractiveAnimation;
			};
			name = Debug;
		};
		31E5FA3F1E0CB136006DD985 /* Release */ = {
			isa = XCBuildConfiguration;
			buildSettings = {
				ALWAYS_EMBED_SWIFT_STANDARD_LIBRARIES = YES;
				INFOPLIST_FILE = LSInteractiveAnimationUITests/Info.plist;
				LD_RUNPATH_SEARCH_PATHS = "$(inherited) @executable_path/Frameworks @loader_path/Frameworks";
				PRODUCT_BUNDLE_IDENTIFIER = LS.LSInteractiveAnimationUITests;
				PRODUCT_NAME = "$(TARGET_NAME)";
				SWIFT_VERSION = 3.0;
				TEST_TARGET_NAME = LSInteractiveAnimation;
			};
			name = Release;
		};
/* End XCBuildConfiguration section */

/* Begin XCConfigurationList section */
		31E5FA0A1E0CB136006DD985 /* Build configuration list for PBXProject "LSInteractiveAnimation" */ = {
			isa = XCConfigurationList;
			buildConfigurations = (
				31E5FA351E0CB136006DD985 /* Debug */,
				31E5FA361E0CB136006DD985 /* Release */,
			);
			defaultConfigurationIsVisible = 0;
			defaultConfigurationName = Release;
		};
		31E5FA371E0CB136006DD985 /* Build configuration list for PBXNativeTarget "LSInteractiveAnimation" */ = {
			isa = XCConfigurationList;
			buildConfigurations = (
				31E5FA381E0CB136006DD985 /* Debug */,
				31E5FA391E0CB136006DD985 /* Release */,
			);
			defaultConfigurationIsVisible = 0;
		};
		31E5FA3A1E0CB136006DD985 /* Build configuration list for PBXNativeTarget "LSInteractiveAnimationTests" */ = {
			isa = XCConfigurationList;
			buildConfigurations = (
				31E5FA3B1E0CB136006DD985 /* Debug */,
				31E5FA3C1E0CB136006DD985 /* Release */,
			);
			defaultConfigurationIsVisible = 0;
		};
		31E5FA3D1E0CB136006DD985 /* Build configuration list for PBXNativeTarget "LSInteractiveAnimationUITests" */ = {
			isa = XCConfigurationList;
			buildConfigurations = (
				31E5FA3E1E0CB136006DD985 /* Debug */,
				31E5FA3F1E0CB136006DD985 /* Release */,
			);
			defaultConfigurationIsVisible = 0;
		};
/* End XCConfigurationList section */
	};
	rootObject = 31E5FA071E0CB136006DD985 /* Project object */;
}
